
Microsoft Visual Studio Solution File, Format Version 12.00
# Visual Studio Version 17
VisualStudioVersion = 17.5.33530.505
MinimumVisualStudioVersion = 10.0.40219.1
Project("{2150E333-8FDC-42A3-9474-1A3956D46DE8}") = "Presenters", "Presenters", "{5F50E4F9-DCDF-4D2C-91F0-4280564706EF}"
EndProject
Project("{9A19103F-16F7-4668-BE54-9A1E7A4F7556}") = "Grpc", "Presenters\Grpc\Grpc.csproj", "{BBBAD054-3755-46D1-B048-CDE3E6B79AEF}"
EndProject
Project("{9A19103F-16F7-4668-BE54-9A1E7A4F7556}") = "WebApi", "Presenters\WebApi\WebApi.csproj", "{6D785CE2-6FDD-480A-B5CE-0F018EB755CA}"
EndProject
Project("{9A19103F-16F7-4668-BE54-9A1E7A4F7556}") = "Proxy", "Presenters\Proxy\Proxy.csproj", "{CC2280F3-BCAB-4622-A2CA-E3ADF0B4E703}"
EndProject
Project("{2150E333-8FDC-42A3-9474-1A3956D46DE8}") = "Infrastructure", "Infrastructure", "{29478A97-8983-4F1F-9760-767B01AFF118}"
EndProject
Project("{2150E333-8FDC-42A3-9474-1A3956D46DE8}") = "Application", "Application", "{1D7914BD-4F9F-4465-908E-5D595601657E}"
EndProject
Project("{2150E333-8FDC-42A3-9474-1A3956D46DE8}") = "Domain", "Domain", "{4E9C98D5-5887-4F91-BC2B-F2725860714B}"
EndProject
Project("{9A19103F-16F7-4668-BE54-9A1E7A4F7556}") = "Domain", "Domain\Domain\Domain.csproj", "{17335FCB-F8F1-4541-8A1B-9CE431CBC8B2}"
EndProject
Project("{9A19103F-16F7-4668-BE54-9A1E7A4F7556}") = "Database", "Infrastructure\Database\Database.csproj", "{2C29344E-B76E-4BDF-8835-56AEB75F0ED0}"
EndProject
Project("{9A19103F-16F7-4668-BE54-9A1E7A4F7556}") = "Application.BookSearch", "Application\Application.BookSearch\Application.BookSearch.csproj", "{7F3C0315-A90F-4B24-A38E-BF575303FF9F}"
EndProject
Project("{9A19103F-16F7-4668-BE54-9A1E7A4F7556}") = "Database.Interface", "Infrastructure\Database.Interface\Database.Interface.csproj", "{EBE4B63B-2B77-4812-A5D3-04C047A71C08}"
EndProject
Project("{9A19103F-16F7-4668-BE54-9A1E7A4F7556}") = "Application.Book", "Application\Application.Book\Application.Book.csproj", "{D771C50C-8757-4728-9A5C-EAE12D3B59F8}"
EndProject
Project("{9A19103F-16F7-4668-BE54-9A1E7A4F7556}") = "Grpc.Contracts", "Presenters\Grpc.Contracts\Grpc.Contracts.csproj", "{A01F94C8-B78B-4087-9E3A-BD7B8E7F598F}"
EndProject
Project("{9A19103F-16F7-4668-BE54-9A1E7A4F7556}") = "RestApi.Contracts", "Presenters\RestApi.Contracts\RestApi.Contracts.csproj", "{640E8BEF-77C3-4692-84FD-CD82502482F8}"
EndProject
Project("{9A19103F-16F7-4668-BE54-9A1E7A4F7556}") = "Application.Common", "Application\Application.Common\Application.Common.csproj", "{7508021A-0957-4FD0-93C0-E2A08340CD4E}"
EndProject
Project("{FAE04EC0-301F-11D3-BF4B-00C04F79EFBC}") = "Grpc.Client.DependencyInjection", "Infrastructure\Grpc.Client.DependencyInjection\Grpc.Client.DependencyInjection.csproj", "{EF9079F0-3A9B-460E-A32B-530BC7C92202}"
EndProject
Global
	GlobalSection(SolutionConfigurationPlatforms) = preSolution
		Debug|Any CPU = Debug|Any CPU
		Release|Any CPU = Release|Any CPU
	EndGlobalSection
	GlobalSection(ProjectConfigurationPlatforms) = postSolution
		{BBBAD054-3755-46D1-B048-CDE3E6B79AEF}.Debug|Any CPU.ActiveCfg = Debug|Any CPU
		{BBBAD054-3755-46D1-B048-CDE3E6B79AEF}.Debug|Any CPU.Build.0 = Debug|Any CPU
		{BBBAD054-3755-46D1-B048-CDE3E6B79AEF}.Release|Any CPU.ActiveCfg = Release|Any CPU
		{BBBAD054-3755-46D1-B048-CDE3E6B79AEF}.Release|Any CPU.Build.0 = Release|Any CPU
		{6D785CE2-6FDD-480A-B5CE-0F018EB755CA}.Debug|Any CPU.ActiveCfg = Debug|Any CPU
		{6D785CE2-6FDD-480A-B5CE-0F018EB755CA}.Debug|Any CPU.Build.0 = Debug|Any CPU
		{6D785CE2-6FDD-480A-B5CE-0F018EB755CA}.Release|Any CPU.ActiveCfg = Release|Any CPU
		{6D785CE2-6FDD-480A-B5CE-0F018EB755CA}.Release|Any CPU.Build.0 = Release|Any CPU
		{CC2280F3-BCAB-4622-A2CA-E3ADF0B4E703}.Debug|Any CPU.ActiveCfg = Debug|Any CPU
		{CC2280F3-BCAB-4622-A2CA-E3ADF0B4E703}.Debug|Any CPU.Build.0 = Debug|Any CPU
		{CC2280F3-BCAB-4622-A2CA-E3ADF0B4E703}.Release|Any CPU.ActiveCfg = Release|Any CPU
		{CC2280F3-BCAB-4622-A2CA-E3ADF0B4E703}.Release|Any CPU.Build.0 = Release|Any CPU
		{17335FCB-F8F1-4541-8A1B-9CE431CBC8B2}.Debug|Any CPU.ActiveCfg = Debug|Any CPU
		{17335FCB-F8F1-4541-8A1B-9CE431CBC8B2}.Debug|Any CPU.Build.0 = Debug|Any CPU
		{17335FCB-F8F1-4541-8A1B-9CE431CBC8B2}.Release|Any CPU.ActiveCfg = Release|Any CPU
		{17335FCB-F8F1-4541-8A1B-9CE431CBC8B2}.Release|Any CPU.Build.0 = Release|Any CPU
		{2C29344E-B76E-4BDF-8835-56AEB75F0ED0}.Debug|Any CPU.ActiveCfg = Debug|Any CPU
		{2C29344E-B76E-4BDF-8835-56AEB75F0ED0}.Debug|Any CPU.Build.0 = Debug|Any CPU
		{2C29344E-B76E-4BDF-8835-56AEB75F0ED0}.Release|Any CPU.ActiveCfg = Release|Any CPU
		{2C29344E-B76E-4BDF-8835-56AEB75F0ED0}.Release|Any CPU.Build.0 = Release|Any CPU
		{7F3C0315-A90F-4B24-A38E-BF575303FF9F}.Debug|Any CPU.ActiveCfg = Debug|Any CPU
		{7F3C0315-A90F-4B24-A38E-BF575303FF9F}.Debug|Any CPU.Build.0 = Debug|Any CPU
		{7F3C0315-A90F-4B24-A38E-BF575303FF9F}.Release|Any CPU.ActiveCfg = Release|Any CPU
		{7F3C0315-A90F-4B24-A38E-BF575303FF9F}.Release|Any CPU.Build.0 = Release|Any CPU
		{EBE4B63B-2B77-4812-A5D3-04C047A71C08}.Debug|Any CPU.ActiveCfg = Debug|Any CPU
		{EBE4B63B-2B77-4812-A5D3-04C047A71C08}.Debug|Any CPU.Build.0 = Debug|Any CPU
		{EBE4B63B-2B77-4812-A5D3-04C047A71C08}.Release|Any CPU.ActiveCfg = Release|Any CPU
		{EBE4B63B-2B77-4812-A5D3-04C047A71C08}.Release|Any CPU.Build.0 = Release|Any CPU
		{D771C50C-8757-4728-9A5C-EAE12D3B59F8}.Debug|Any CPU.ActiveCfg = Debug|Any CPU
		{D771C50C-8757-4728-9A5C-EAE12D3B59F8}.Debug|Any CPU.Build.0 = Debug|Any CPU
		{D771C50C-8757-4728-9A5C-EAE12D3B59F8}.Release|Any CPU.ActiveCfg = Release|Any CPU
		{D771C50C-8757-4728-9A5C-EAE12D3B59F8}.Release|Any CPU.Build.0 = Release|Any CPU
		{A01F94C8-B78B-4087-9E3A-BD7B8E7F598F}.Debug|Any CPU.ActiveCfg = Debug|Any CPU
		{A01F94C8-B78B-4087-9E3A-BD7B8E7F598F}.Debug|Any CPU.Build.0 = Debug|Any CPU
		{A01F94C8-B78B-4087-9E3A-BD7B8E7F598F}.Release|Any CPU.ActiveCfg = Release|Any CPU
		{A01F94C8-B78B-4087-9E3A-BD7B8E7F598F}.Release|Any CPU.Build.0 = Release|Any CPU
		{640E8BEF-77C3-4692-84FD-CD82502482F8}.Debug|Any CPU.ActiveCfg = Debug|Any CPU
		{640E8BEF-77C3-4692-84FD-CD82502482F8}.Debug|Any CPU.Build.0 = Debug|Any CPU
		{640E8BEF-77C3-4692-84FD-CD82502482F8}.Release|Any CPU.ActiveCfg = Release|Any CPU
		{640E8BEF-77C3-4692-84FD-CD82502482F8}.Release|Any CPU.Build.0 = Release|Any CPU
		{7508021A-0957-4FD0-93C0-E2A08340CD4E}.Debug|Any CPU.ActiveCfg = Debug|Any CPU
		{7508021A-0957-4FD0-93C0-E2A08340CD4E}.Debug|Any CPU.Build.0 = Debug|Any CPU
		{7508021A-0957-4FD0-93C0-E2A08340CD4E}.Release|Any CPU.ActiveCfg = Release|Any CPU
		{7508021A-0957-4FD0-93C0-E2A08340CD4E}.Release|Any CPU.Build.0 = Release|Any CPU
		{EF9079F0-3A9B-460E-A32B-530BC7C92202}.Debug|Any CPU.ActiveCfg = Debug|Any CPU
		{EF9079F0-3A9B-460E-A32B-530BC7C92202}.Debug|Any CPU.Build.0 = Debug|Any CPU
		{EF9079F0-3A9B-460E-A32B-530BC7C92202}.Release|Any CPU.ActiveCfg = Release|Any CPU
		{EF9079F0-3A9B-460E-A32B-530BC7C92202}.Release|Any CPU.Build.0 = Release|Any CPU
	EndGlobalSection
	GlobalSection(SolutionProperties) = preSolution
		HideSolutionNode = FALSE
	EndGlobalSection
	GlobalSection(NestedProjects) = preSolution
		{BBBAD054-3755-46D1-B048-CDE3E6B79AEF} = {5F50E4F9-DCDF-4D2C-91F0-4280564706EF}
		{6D785CE2-6FDD-480A-B5CE-0F018EB755CA} = {5F50E4F9-DCDF-4D2C-91F0-4280564706EF}
		{CC2280F3-BCAB-4622-A2CA-E3ADF0B4E703} = {5F50E4F9-DCDF-4D2C-91F0-4280564706EF}
		{17335FCB-F8F1-4541-8A1B-9CE431CBC8B2} = {4E9C98D5-5887-4F91-BC2B-F2725860714B}
		{2C29344E-B76E-4BDF-8835-56AEB75F0ED0} = {29478A97-8983-4F1F-9760-767B01AFF118}
		{7F3C0315-A90F-4B24-A38E-BF575303FF9F} = {1D7914BD-4F9F-4465-908E-5D595601657E}
		{EBE4B63B-2B77-4812-A5D3-04C047A71C08} = {29478A97-8983-4F1F-9760-767B01AFF118}
		{D771C50C-8757-4728-9A5C-EAE12D3B59F8} = {1D7914BD-4F9F-4465-908E-5D595601657E}
		{A01F94C8-B78B-4087-9E3A-BD7B8E7F598F} = {5F50E4F9-DCDF-4D2C-91F0-4280564706EF}
		{640E8BEF-77C3-4692-84FD-CD82502482F8} = {5F50E4F9-DCDF-4D2C-91F0-4280564706EF}
		{7508021A-0957-4FD0-93C0-E2A08340CD4E} = {1D7914BD-4F9F-4465-908E-5D595601657E}
		{EF9079F0-3A9B-460E-A32B-530BC7C92202} = {29478A97-8983-4F1F-9760-767B01AFF118}
	EndGlobalSection
	GlobalSection(ExtensibilityGlobals) = postSolution
		SolutionGuid = {9273F407-FD3E-4D94-A7CC-65E34083BF9D}
	EndGlobalSection
EndGlobal
